{
  "requires": true,
  "lockfileVersion": 1,
  "dependencies": {
    "js-base64": {
      "version": "2.6.2",
      "resolved": "https://registry.npmjs.org/js-base64/-/js-base64-2.6.2.tgz",
      "integrity": "sha512-1hgLrLIrmCgZG+ID3VoLNLOSwjGnoZa8tyrUdEteMeIzsT6PH7PMLyUvbDwzNE56P3PNxyvuIOx4Uh2E5rzQIw=="
    },
    "parchment": {
      "version": "2.0.0-dev.2",
      "resolved": "https://registry.npmjs.org/parchment/-/parchment-2.0.0-dev.2.tgz",
      "integrity": "sha512-4fgRny4pPISoML08Zp7poi52Dff3E2G1ORTi2D/acJ/RiROdDAMDB6VcQNfBcmehrX5Wixp6dxh6JjLyE5yUNQ=="
    }
  }
}
